
Microsoft Visual Studio Solution File, Format Version 12.00
# Visual Studio Version 17
VisualStudioVersion = 17.2.32519.379
MinimumVisualStudioVersion = 10.0.40219.1
Project("{2150E333-8FDC-42A3-9474-1A3956D46DE8}") = "Services", "Services", "{FF3997FD-784E-4D6E-878E-9D5BAE591EC8}"
EndProject
Project("{2150E333-8FDC-42A3-9474-1A3956D46DE8}") = "Catalog", "Catalog", "{CDFDEE83-3C4C-4AE3-BBF6-95B08643A792}"
EndProject
Project("{9A19103F-16F7-4668-BE54-9A1E7A4F7556}") = "Catalog.API", "Services\Catalog\Catalog.API\Catalog.API.csproj", "{6553450E-0FC4-41AF-8ABB-728058248E03}"
EndProject
Project("{E53339B2-1760-4266-BCC7-CA923CBCF16C}") = "docker-compose", "docker-compose.dcproj", "{DBF70390-CCDA-4DC5-89C5-96A96CBF4C21}"
EndProject
Project("{2150E333-8FDC-42A3-9474-1A3956D46DE8}") = "Basket", "Basket", "{75979105-5FAB-472B-B62C-F34DE0156995}"
EndProject
Project("{9A19103F-16F7-4668-BE54-9A1E7A4F7556}") = "Basket.API", "Services\Basket\Basket.API\Basket.API.csproj", "{CFF45880-A3E1-4976-A630-C998B8A86EBD}"
EndProject
Project("{2150E333-8FDC-42A3-9474-1A3956D46DE8}") = "Discount", "Discount", "{13748769-8716-4008-A160-DAED8E116A4C}"
EndProject
Project("{9A19103F-16F7-4668-BE54-9A1E7A4F7556}") = "Discount.API", "Services\Discount\Discount.API\Discount.API.csproj", "{CC655B64-41D8-4713-A73B-436733F2C4E5}"
EndProject
Project("{9A19103F-16F7-4668-BE54-9A1E7A4F7556}") = "Discount.Grpc", "Services\Discount\Discount.Grpc\Discount.Grpc.csproj", "{E489D83A-59F2-4723-B07D-289B1456782E}"
EndProject
Project("{2150E333-8FDC-42A3-9474-1A3956D46DE8}") = "Ordering", "Ordering", "{7B1DB003-E986-4F7F-8922-77AF16E54149}"
EndProject
Project("{9A19103F-16F7-4668-BE54-9A1E7A4F7556}") = "Ordering.API", "Services\Ordering\Ordering.API\Ordering.API.csproj", "{9387B5F8-A181-43EB-8629-D4B9903C5450}"
EndProject
Project("{9A19103F-16F7-4668-BE54-9A1E7A4F7556}") = "Ordering.Domain", "Services\Ordering\Ordering.Domain\Ordering.Domain.csproj", "{C62AC2CE-0F58-4744-9E2A-005E4ED0FD22}"
EndProject
Project("{9A19103F-16F7-4668-BE54-9A1E7A4F7556}") = "Ordering.Application", "Services\Ordering\Ordering.Application\Ordering.Application.csproj", "{BEECAE0E-B92C-4FB5-8F0A-7487047DD589}"
EndProject
Project("{9A19103F-16F7-4668-BE54-9A1E7A4F7556}") = "Ordering.Infrastructure", "Services\Ordering\Ordering.Infrastructure\Ordering.Infrastructure.csproj", "{DCA10B47-31DD-4423-8B17-AAFA752E0E28}"
EndProject
Project("{2150E333-8FDC-42A3-9474-1A3956D46DE8}") = "BuildingBlocks", "BuildingBlocks", "{97A9DA01-360E-432A-A6A1-DBE31C9B6A19}"
EndProject
Project("{FAE04EC0-301F-11D3-BF4B-00C04F79EFBC}") = "EventBus.Messages", "BuildingBlocks\EventBus.Messages\EventBus.Messages.csproj", "{125010DA-987B-42ED-9999-C6D53D0B2CE1}"
EndProject
Project("{2150E333-8FDC-42A3-9474-1A3956D46DE8}") = "ApiGateways", "ApiGateways", "{49AA4709-6D8C-499F-9CFD-7119D9D40474}"
EndProject
Project("{FAE04EC0-301F-11D3-BF4B-00C04F79EFBC}") = "OcelotApiGw", "ApiGateways\OcelotApiGw\OcelotApiGw.csproj", "{097E1707-32BB-4573-A78F-C7B876EE6C02}"
EndProject
Project("{FAE04EC0-301F-11D3-BF4B-00C04F79EFBC}") = "Shopping.Aggregator", "ApiGateways\Shopping.Aggregator\Shopping.Aggregator.csproj", "{FB703D0F-3413-4464-A601-080A0F92FB2D}"
EndProject
Project("{2150E333-8FDC-42A3-9474-1A3956D46DE8}") = "WebApps", "WebApps", "{38BA32EF-9ACB-46BB-B317-895493FDFB7C}"
EndProject
Project("{9A19103F-16F7-4668-BE54-9A1E7A4F7556}") = "AspnetRunBasics", "WebApps\AspnetRunBasics\AspnetRunBasics.csproj", "{BC6765E5-D1CA-40C6-8B01-2BB7B4B5FD14}"
EndProject
Global
	GlobalSection(SolutionConfigurationPlatforms) = preSolution
		Debug|Any CPU = Debug|Any CPU
		Release|Any CPU = Release|Any CPU
	EndGlobalSection
	GlobalSection(ProjectConfigurationPlatforms) = postSolution
		{6553450E-0FC4-41AF-8ABB-728058248E03}.Debug|Any CPU.ActiveCfg = Debug|Any CPU
		{6553450E-0FC4-41AF-8ABB-728058248E03}.Debug|Any CPU.Build.0 = Debug|Any CPU
		{6553450E-0FC4-41AF-8ABB-728058248E03}.Release|Any CPU.ActiveCfg = Release|Any CPU
		{6553450E-0FC4-41AF-8ABB-728058248E03}.Release|Any CPU.Build.0 = Release|Any CPU
		{DBF70390-CCDA-4DC5-89C5-96A96CBF4C21}.Debug|Any CPU.ActiveCfg = Debug|Any CPU
		{DBF70390-CCDA-4DC5-89C5-96A96CBF4C21}.Debug|Any CPU.Build.0 = Debug|Any CPU
		{DBF70390-CCDA-4DC5-89C5-96A96CBF4C21}.Release|Any CPU.ActiveCfg = Release|Any CPU
		{DBF70390-CCDA-4DC5-89C5-96A96CBF4C21}.Release|Any CPU.Build.0 = Release|Any CPU
		{CFF45880-A3E1-4976-A630-C998B8A86EBD}.Debug|Any CPU.ActiveCfg = Debug|Any CPU
		{CFF45880-A3E1-4976-A630-C998B8A86EBD}.Debug|Any CPU.Build.0 = Debug|Any CPU
		{CFF45880-A3E1-4976-A630-C998B8A86EBD}.Release|Any CPU.ActiveCfg = Release|Any CPU
		{CFF45880-A3E1-4976-A630-C998B8A86EBD}.Release|Any CPU.Build.0 = Release|Any CPU
		{CC655B64-41D8-4713-A73B-436733F2C4E5}.Debug|Any CPU.ActiveCfg = Debug|Any CPU
		{CC655B64-41D8-4713-A73B-436733F2C4E5}.Debug|Any CPU.Build.0 = Debug|Any CPU
		{CC655B64-41D8-4713-A73B-436733F2C4E5}.Release|Any CPU.ActiveCfg = Release|Any CPU
		{CC655B64-41D8-4713-A73B-436733F2C4E5}.Release|Any CPU.Build.0 = Release|Any CPU
		{E489D83A-59F2-4723-B07D-289B1456782E}.Debug|Any CPU.ActiveCfg = Debug|Any CPU
		{E489D83A-59F2-4723-B07D-289B1456782E}.Debug|Any CPU.Build.0 = Debug|Any CPU
		{E489D83A-59F2-4723-B07D-289B1456782E}.Release|Any CPU.ActiveCfg = Release|Any CPU
		{E489D83A-59F2-4723-B07D-289B1456782E}.Release|Any CPU.Build.0 = Release|Any CPU
		{9387B5F8-A181-43EB-8629-D4B9903C5450}.Debug|Any CPU.ActiveCfg = Debug|Any CPU
		{9387B5F8-A181-43EB-8629-D4B9903C5450}.Debug|Any CPU.Build.0 = Debug|Any CPU
		{9387B5F8-A181-43EB-8629-D4B9903C5450}.Release|Any CPU.ActiveCfg = Release|Any CPU
		{9387B5F8-A181-43EB-8629-D4B9903C5450}.Release|Any CPU.Build.0 = Release|Any CPU
		{C62AC2CE-0F58-4744-9E2A-005E4ED0FD22}.Debug|Any CPU.ActiveCfg = Debug|Any CPU
		{C62AC2CE-0F58-4744-9E2A-005E4ED0FD22}.Debug|Any CPU.Build.0 = Debug|Any CPU
		{C62AC2CE-0F58-4744-9E2A-005E4ED0FD22}.Release|Any CPU.ActiveCfg = Release|Any CPU
		{C62AC2CE-0F58-4744-9E2A-005E4ED0FD22}.Release|Any CPU.Build.0 = Release|Any CPU
		{BEECAE0E-B92C-4FB5-8F0A-7487047DD589}.Debug|Any CPU.ActiveCfg = Debug|Any CPU
		{BEECAE0E-B92C-4FB5-8F0A-7487047DD589}.Debug|Any CPU.Build.0 = Debug|Any CPU
		{BEECAE0E-B92C-4FB5-8F0A-7487047DD589}.Release|Any CPU.ActiveCfg = Release|Any CPU
		{BEECAE0E-B92C-4FB5-8F0A-7487047DD589}.Release|Any CPU.Build.0 = Release|Any CPU
		{DCA10B47-31DD-4423-8B17-AAFA752E0E28}.Debug|Any CPU.ActiveCfg = Debug|Any CPU
		{DCA10B47-31DD-4423-8B17-AAFA752E0E28}.Debug|Any CPU.Build.0 = Debug|Any CPU
		{DCA10B47-31DD-4423-8B17-AAFA752E0E28}.Release|Any CPU.ActiveCfg = Release|Any CPU
		{DCA10B47-31DD-4423-8B17-AAFA752E0E28}.Release|Any CPU.Build.0 = Release|Any CPU
		{125010DA-987B-42ED-9999-C6D53D0B2CE1}.Debug|Any CPU.ActiveCfg = Debug|Any CPU
		{125010DA-987B-42ED-9999-C6D53D0B2CE1}.Debug|Any CPU.Build.0 = Debug|Any CPU
		{125010DA-987B-42ED-9999-C6D53D0B2CE1}.Release|Any CPU.ActiveCfg = Release|Any CPU
		{125010DA-987B-42ED-9999-C6D53D0B2CE1}.Release|Any CPU.Build.0 = Release|Any CPU
		{097E1707-32BB-4573-A78F-C7B876EE6C02}.Debug|Any CPU.ActiveCfg = Debug|Any CPU
		{097E1707-32BB-4573-A78F-C7B876EE6C02}.Debug|Any CPU.Build.0 = Debug|Any CPU
		{097E1707-32BB-4573-A78F-C7B876EE6C02}.Release|Any CPU.ActiveCfg = Release|Any CPU
		{097E1707-32BB-4573-A78F-C7B876EE6C02}.Release|Any CPU.Build.0 = Release|Any CPU
		{FB703D0F-3413-4464-A601-080A0F92FB2D}.Debug|Any CPU.ActiveCfg = Debug|Any CPU
		{FB703D0F-3413-4464-A601-080A0F92FB2D}.Debug|Any CPU.Build.0 = Debug|Any CPU
		{FB703D0F-3413-4464-A601-080A0F92FB2D}.Release|Any CPU.ActiveCfg = Release|Any CPU
		{FB703D0F-3413-4464-A601-080A0F92FB2D}.Release|Any CPU.Build.0 = Release|Any CPU
		{BC6765E5-D1CA-40C6-8B01-2BB7B4B5FD14}.Debug|Any CPU.ActiveCfg = Debug|Any CPU
		{BC6765E5-D1CA-40C6-8B01-2BB7B4B5FD14}.Debug|Any CPU.Build.0 = Debug|Any CPU
		{BC6765E5-D1CA-40C6-8B01-2BB7B4B5FD14}.Release|Any CPU.ActiveCfg = Release|Any CPU
		{BC6765E5-D1CA-40C6-8B01-2BB7B4B5FD14}.Release|Any CPU.Build.0 = Release|Any CPU
	EndGlobalSection
	GlobalSection(SolutionProperties) = preSolution
		HideSolutionNode = FALSE
	EndGlobalSection
	GlobalSection(NestedProjects) = preSolution
		{CDFDEE83-3C4C-4AE3-BBF6-95B08643A792} = {FF3997FD-784E-4D6E-878E-9D5BAE591EC8}
		{6553450E-0FC4-41AF-8ABB-728058248E03} = {CDFDEE83-3C4C-4AE3-BBF6-95B08643A792}
		{75979105-5FAB-472B-B62C-F34DE0156995} = {FF3997FD-784E-4D6E-878E-9D5BAE591EC8}
		{CFF45880-A3E1-4976-A630-C998B8A86EBD} = {75979105-5FAB-472B-B62C-F34DE0156995}
		{13748769-8716-4008-A160-DAED8E116A4C} = {FF3997FD-784E-4D6E-878E-9D5BAE591EC8}
		{CC655B64-41D8-4713-A73B-436733F2C4E5} = {13748769-8716-4008-A160-DAED8E116A4C}
		{E489D83A-59F2-4723-B07D-289B1456782E} = {13748769-8716-4008-A160-DAED8E116A4C}
		{7B1DB003-E986-4F7F-8922-77AF16E54149} = {FF3997FD-784E-4D6E-878E-9D5BAE591EC8}
		{9387B5F8-A181-43EB-8629-D4B9903C5450} = {7B1DB003-E986-4F7F-8922-77AF16E54149}
		{C62AC2CE-0F58-4744-9E2A-005E4ED0FD22} = {7B1DB003-E986-4F7F-8922-77AF16E54149}
		{BEECAE0E-B92C-4FB5-8F0A-7487047DD589} = {7B1DB003-E986-4F7F-8922-77AF16E54149}
		{DCA10B47-31DD-4423-8B17-AAFA752E0E28} = {7B1DB003-E986-4F7F-8922-77AF16E54149}
		{125010DA-987B-42ED-9999-C6D53D0B2CE1} = {97A9DA01-360E-432A-A6A1-DBE31C9B6A19}
		{097E1707-32BB-4573-A78F-C7B876EE6C02} = {49AA4709-6D8C-499F-9CFD-7119D9D40474}
		{FB703D0F-3413-4464-A601-080A0F92FB2D} = {49AA4709-6D8C-499F-9CFD-7119D9D40474}
		{BC6765E5-D1CA-40C6-8B01-2BB7B4B5FD14} = {38BA32EF-9ACB-46BB-B317-895493FDFB7C}
	EndGlobalSection
	GlobalSection(ExtensibilityGlobals) = postSolution
		SolutionGuid = {11296949-3237-4281-9B77-FB315447347F}
	EndGlobalSection
EndGlobal
